
Microsoft Visual Studio Solution File, Format Version 12.00
# Visual Studio Version 17
VisualStudioVersion = 17.14.36603.0 d17.14
MinimumVisualStudioVersion = 10.0.40219.1
Project("{FAE04EC0-301F-11D3-BF4B-00C04F79EFBC}") = "CDN", "CDN.csproj", "{E7727587-814F-42A8-8268-6372C7DE33CC}"
EndProject
Global
	GlobalSection(SolutionConfigurationPlatforms) = preSolution
		Debug|Any CPU = Debug|Any CPU
		Release|Any CPU = Release|Any CPU
	EndGlobalSection
	GlobalSection(ProjectConfigurationPlatforms) = postSolution
		{E7727587-814F-42A8-8268-6372C7DE33CC}.Debug|Any CPU.ActiveCfg = Debug|Any CPU
		{E7727587-814F-42A8-8268-6372C7DE33CC}.Debug|Any CPU.Build.0 = Debug|Any CPU
		{E7727587-814F-42A8-8268-6372C7DE33CC}.Release|Any CPU.ActiveCfg = Release|Any CPU
		{E7727587-814F-42A8-8268-6372C7DE33CC}.Release|Any CPU.Build.0 = Release|Any CPU
	EndGlobalSection
	GlobalSection(SolutionProperties) = preSolution
		HideSolutionNode = FALSE
	EndGlobalSection
	GlobalSection(ExtensibilityGlobals) = postSolution
		SolutionGuid = {83920180-4046-4EF8-B2F8-CC65236DFFA2}
	EndGlobalSection
EndGlobal
